
Microsoft Visual Studio Solution File, Format Version 12.00
# Visual Studio 15
VisualStudioVersion = 15.0.27428.2037
MinimumVisualStudioVersion = 10.0.40219.1
Project("{FAE04EC0-301F-11D3-BF4B-00C04F79EFBC}") = "Xbox 8 - Pacman", "Xbox 8 - Pacman\Xbox 8 - Pacman.csproj", "{A4B80592-6AC0-47D4-87EE-D8936EC43230}"
EndProject
Global
	GlobalSection(SolutionConfigurationPlatforms) = preSolution
		Debug|ARM = Debug|ARM
		Debug|x64 = Debug|x64
		Debug|x86 = Debug|x86
		Release|ARM = Release|ARM
		Release|x64 = Release|x64
		Release|x86 = Release|x86
	EndGlobalSection
	GlobalSection(ProjectConfigurationPlatforms) = postSolution
		{A4B80592-6AC0-47D4-87EE-D8936EC43230}.Debug|ARM.ActiveCfg = Debug|ARM
		{A4B80592-6AC0-47D4-87EE-D8936EC43230}.Debug|ARM.Build.0 = Debug|ARM
		{A4B80592-6AC0-47D4-87EE-D8936EC43230}.Debug|ARM.Deploy.0 = Debug|ARM
		{A4B80592-6AC0-47D4-87EE-D8936EC43230}.Debug|x64.ActiveCfg = Debug|x64
		{A4B80592-6AC0-47D4-87EE-D8936EC43230}.Debug|x64.Build.0 = Debug|x64
		{A4B80592-6AC0-47D4-87EE-D8936EC43230}.Debug|x64.Deploy.0 = Debug|x64
		{A4B80592-6AC0-47D4-87EE-D8936EC43230}.Debug|x86.ActiveCfg = Debug|x86
		{A4B80592-6AC0-47D4-87EE-D8936EC43230}.Debug|x86.Build.0 = Debug|x86
		{A4B80592-6AC0-47D4-87EE-D8936EC43230}.Debug|x86.Deploy.0 = Debug|x86
		{A4B80592-6AC0-47D4-87EE-D8936EC43230}.Release|ARM.ActiveCfg = Release|ARM
		{A4B80592-6AC0-47D4-87EE-D8936EC43230}.Release|ARM.Build.0 = Release|ARM
		{A4B80592-6AC0-47D4-87EE-D8936EC43230}.Release|ARM.Deploy.0 = Release|ARM
		{A4B80592-6AC0-47D4-87EE-D8936EC43230}.Release|x64.ActiveCfg = Release|x64
		{A4B80592-6AC0-47D4-87EE-D8936EC43230}.Release|x64.Build.0 = Release|x64
		{A4B80592-6AC0-47D4-87EE-D8936EC43230}.Release|x64.Deploy.0 = Release|x64
		{A4B80592-6AC0-47D4-87EE-D8936EC43230}.Release|x86.ActiveCfg = Release|x86
		{A4B80592-6AC0-47D4-87EE-D8936EC43230}.Release|x86.Build.0 = Release|x86
		{A4B80592-6AC0-47D4-87EE-D8936EC43230}.Release|x86.Deploy.0 = Release|x86
	EndGlobalSection
	GlobalSection(SolutionProperties) = preSolution
		HideSolutionNode = FALSE
	EndGlobalSection
	GlobalSection(ExtensibilityGlobals) = postSolution
		SolutionGuid = {F94F52D4-94E6-4A52-BD2F-6DA808706DB4}
	EndGlobalSection
EndGlobal
